// !$*UTF8*$!
{
	archiveVersion = 1;
	classes = {
	};
	objectVersion = 60;
	objects = {

/* Begin PBXBuildFile section */
		100000000000000000000001 /* VibingSpeechApp.swift in Sources */ = {isa = PBXBuildFile; fileRef = 200000000000000000000001 /* VibingSpeechApp.swift */; };
		100000000000000000000002 /* AppTypes.swift in Sources */ = {isa = PBXBuildFile; fileRef = 200000000000000000000002 /* AppTypes.swift */; };
		100000000000000000000003 /* Models.swift in Sources */ = {isa = PBXBuildFile; fileRef = 200000000000000000000003 /* Models.swift */; };
		100000000000000000000004 /* Repositories.swift in Sources */ = {isa = PBXBuildFile; fileRef = 200000000000000000000004 /* Repositories.swift */; };
		100000000000000000000005 /* Services.swift in Sources */ = {isa = PBXBuildFile; fileRef = 200000000000000000000005 /* Services.swift */; };
		100000000000000000000006 /* ContentView.swift in Sources */ = {isa = PBXBuildFile; fileRef = 200000000000000000000006 /* ContentView.swift */; };
		100000000000000000000007 /* RecordingOverlay.swift in Sources */ = {isa = PBXBuildFile; fileRef = 200000000000000000000007 /* RecordingOverlay.swift */; };
		100000000000000000000008 /* Formatters.swift in Sources */ = {isa = PBXBuildFile; fileRef = 200000000000000000000008 /* Formatters.swift */; };
		100000000000000000000009 /* Assets.xcassets in Resources */ = {isa = PBXBuildFile; fileRef = 200000000000000000000009 /* Assets.xcassets */; };
		10000000000000000000000A /* CoreTests.swift in Sources */ = {isa = PBXBuildFile; fileRef = 20000000000000000000000A /* CoreTests.swift */; };
		10000000000000000000000B /* PersistenceTests.swift in Sources */ = {isa = PBXBuildFile; fileRef = 20000000000000000000000B /* PersistenceTests.swift */; };
		10000000000000000000000C /* VibingSpeechUITests.swift in Sources */ = {isa = PBXBuildFile; fileRef = 20000000000000000000000C /* VibingSpeechUITests.swift */; };
		10000000000000000000000D /* Qwen3ASR in Frameworks */ = {isa = PBXBuildFile; productRef = A00000000000000000000002 /* Qwen3ASR */; };
		10000000000000000000000E /* AudioCommon in Frameworks */ = {isa = PBXBuildFile; productRef = A00000000000000000000003 /* AudioCommon */; };
		10000000000000000000000F /* Qwen3Chat in Frameworks */ = {isa = PBXBuildFile; productRef = A00000000000000000000004 /* Qwen3Chat */; };
/* End PBXBuildFile section */

/* Begin PBXContainerItemProxy section */
		300000000000000000000001 /* PBXContainerItemProxy */ = {
			isa = PBXContainerItemProxy;
			containerPortal = 700000000000000000000001 /* Project object */;
			proxyType = 1;
			remoteGlobalIDString = 400000000000000000000001;
			remoteInfo = VibingSpeech;
		};
		300000000000000000000002 /* PBXContainerItemProxy */ = {
			isa = PBXContainerItemProxy;
			containerPortal = 700000000000000000000001 /* Project object */;
			proxyType = 1;
			remoteGlobalIDString = 400000000000000000000001;
			remoteInfo = VibingSpeech;
		};
/* End PBXContainerItemProxy section */

/* Begin PBXFileReference section */
		200000000000000000000001 /* VibingSpeechApp.swift */ = {isa = PBXFileReference; lastKnownFileType = sourcecode.swift; path = VibingSpeechApp.swift; sourceTree = "<group>"; };
		200000000000000000000002 /* AppTypes.swift */ = {isa = PBXFileReference; lastKnownFileType = sourcecode.swift; path = AppTypes.swift; sourceTree = "<group>"; };
		200000000000000000000003 /* Models.swift */ = {isa = PBXFileReference; lastKnownFileType = sourcecode.swift; path = Models.swift; sourceTree = "<group>"; };
		200000000000000000000004 /* Repositories.swift */ = {isa = PBXFileReference; lastKnownFileType = sourcecode.swift; path = Repositories.swift; sourceTree = "<group>"; };
		200000000000000000000005 /* Services.swift */ = {isa = PBXFileReference; lastKnownFileType = sourcecode.swift; path = Services.swift; sourceTree = "<group>"; };
		200000000000000000000006 /* ContentView.swift */ = {isa = PBXFileReference; lastKnownFileType = sourcecode.swift; path = ContentView.swift; sourceTree = "<group>"; };
		200000000000000000000007 /* RecordingOverlay.swift */ = {isa = PBXFileReference; lastKnownFileType = sourcecode.swift; path = RecordingOverlay.swift; sourceTree = "<group>"; };
		200000000000000000000008 /* Formatters.swift */ = {isa = PBXFileReference; lastKnownFileType = sourcecode.swift; path = Formatters.swift; sourceTree = "<group>"; };
		200000000000000000000009 /* Assets.xcassets */ = {isa = PBXFileReference; lastKnownFileType = folder.assetcatalog; path = Assets.xcassets; sourceTree = "<group>"; };
		20000000000000000000000A /* CoreTests.swift */ = {isa = PBXFileReference; lastKnownFileType = sourcecode.swift; path = CoreTests.swift; sourceTree = "<group>"; };
		20000000000000000000000B /* PersistenceTests.swift */ = {isa = PBXFileReference; lastKnownFileType = sourcecode.swift; path = PersistenceTests.swift; sourceTree = "<group>"; };
		20000000000000000000000C /* VibingSpeechUITests.swift */ = {isa = PBXFileReference; lastKnownFileType = sourcecode.swift; path = VibingSpeechUITests.swift; sourceTree = "<group>"; };
		20000000000000000000000D /* Info.plist */ = {isa = PBXFileReference; lastKnownFileType = text.plist.xml; path = Info.plist; sourceTree = "<group>"; };
		20000000000000000000000E /* VibingSpeech.app */ = {isa = PBXFileReference; explicitFileType = wrapper.application; includeInIndex = 0; path = VibingSpeech.app; sourceTree = BUILT_PRODUCTS_DIR; };
		20000000000000000000000F /* VibingSpeechTests.xctest */ = {isa = PBXFileReference; explicitFileType = wrapper.cfbundle; includeInIndex = 0; path = VibingSpeechTests.xctest; sourceTree = BUILT_PRODUCTS_DIR; };
		200000000000000000000010 /* VibingSpeechUITests.xctest */ = {isa = PBXFileReference; explicitFileType = wrapper.cfbundle; includeInIndex = 0; path = VibingSpeechUITests.xctest; sourceTree = BUILT_PRODUCTS_DIR; };
/* End PBXFileReference section */

/* Begin PBXFrameworksBuildPhase section */
		500000000000000000000001 /* Frameworks */ = {isa = PBXFrameworksBuildPhase; buildActionMask = 2147483647; files = (10000000000000000000000D /* Qwen3ASR in Frameworks */, 10000000000000000000000E /* AudioCommon in Frameworks */, 10000000000000000000000F /* Qwen3Chat in Frameworks */); runOnlyForDeploymentPostprocessing = 0; };
		500000000000000000000002 /* Frameworks */ = {isa = PBXFrameworksBuildPhase; buildActionMask = 2147483647; files = (); runOnlyForDeploymentPostprocessing = 0; };
		500000000000000000000003 /* Frameworks */ = {isa = PBXFrameworksBuildPhase; buildActionMask = 2147483647; files = (); runOnlyForDeploymentPostprocessing = 0; };
/* End PBXFrameworksBuildPhase section */

/* Begin PBXGroup section */
		600000000000000000000001 = {
			isa = PBXGroup;
			children = (
				600000000000000000000003 /* VibingSpeech */,
				60000000000000000000000A /* VibingSpeechTests */,
				60000000000000000000000B /* VibingSpeechUITests */,
				600000000000000000000002 /* Products */,
			);
			sourceTree = "<group>";
		};
		600000000000000000000002 /* Products */ = {
			isa = PBXGroup;
			children = (
				20000000000000000000000E /* VibingSpeech.app */,
				20000000000000000000000F /* VibingSpeechTests.xctest */,
				200000000000000000000010 /* VibingSpeechUITests.xctest */,
			);
			name = Products;
			sourceTree = "<group>";
		};
		600000000000000000000003 /* VibingSpeech */ = {
			isa = PBXGroup;
			children = (
				600000000000000000000004 /* App */,
				600000000000000000000005 /* Core */,
				600000000000000000000006 /* Models */,
				600000000000000000000007 /* Services */,
				600000000000000000000008 /* Persistence */,
				600000000000000000000009 /* Views */,
				60000000000000000000000C /* Resources */,
				60000000000000000000000D /* Support */,
			);
			path = VibingSpeech;
			sourceTree = "<group>";
		};
		600000000000000000000004 /* App */ = {isa = PBXGroup; children = (200000000000000000000001 /* VibingSpeechApp.swift */); path = App; sourceTree = "<group>"; };
		600000000000000000000005 /* Core */ = {isa = PBXGroup; children = (200000000000000000000002 /* AppTypes.swift */); path = Core; sourceTree = "<group>"; };
		600000000000000000000006 /* Models */ = {isa = PBXGroup; children = (200000000000000000000003 /* Models.swift */); path = Models; sourceTree = "<group>"; };
		600000000000000000000007 /* Services */ = {isa = PBXGroup; children = (200000000000000000000005 /* Services.swift */); path = Services; sourceTree = "<group>"; };
		600000000000000000000008 /* Persistence */ = {isa = PBXGroup; children = (200000000000000000000004 /* Repositories.swift */); path = Persistence; sourceTree = "<group>"; };
		600000000000000000000009 /* Views */ = {isa = PBXGroup; children = (200000000000000000000006 /* ContentView.swift */, 200000000000000000000007 /* RecordingOverlay.swift */); path = Views; sourceTree = "<group>"; };
		60000000000000000000000A /* VibingSpeechTests */ = {isa = PBXGroup; children = (20000000000000000000000A /* CoreTests.swift */, 20000000000000000000000B /* PersistenceTests.swift */); path = VibingSpeechTests; sourceTree = "<group>"; };
		60000000000000000000000B /* VibingSpeechUITests */ = {isa = PBXGroup; children = (20000000000000000000000C /* VibingSpeechUITests.swift */); path = VibingSpeechUITests; sourceTree = "<group>"; };
		60000000000000000000000C /* Resources */ = {isa = PBXGroup; children = (20000000000000000000000D /* Info.plist */, 200000000000000000000009 /* Assets.xcassets */); path = Resources; sourceTree = "<group>"; };
		60000000000000000000000D /* Support */ = {isa = PBXGroup; children = (200000000000000000000008 /* Formatters.swift */); path = Support; sourceTree = "<group>"; };
/* End PBXGroup section */

/* Begin PBXNativeTarget section */
		400000000000000000000001 /* VibingSpeech */ = {
			isa = PBXNativeTarget;
			buildConfigurationList = 900000000000000000000002 /* Build configuration list for PBXNativeTarget "VibingSpeech" */;
			buildPhases = (
				500000000000000000000004 /* Sources */,
				500000000000000000000001 /* Frameworks */,
				500000000000000000000005 /* Resources */,
			);
			buildRules = (
			);
			dependencies = (
			);
			name = VibingSpeech;
			packageProductDependencies = (
				A00000000000000000000002 /* Qwen3ASR */,
				A00000000000000000000003 /* AudioCommon */,
				A00000000000000000000004 /* Qwen3Chat */,
			);
			productName = VibingSpeech;
			productReference = 20000000000000000000000E /* VibingSpeech.app */;
			productType = "com.apple.product-type.application";
		};
		400000000000000000000002 /* VibingSpeechTests */ = {
			isa = PBXNativeTarget;
			buildConfigurationList = 900000000000000000000003 /* Build configuration list for PBXNativeTarget "VibingSpeechTests" */;
			buildPhases = (
				500000000000000000000006 /* Sources */,
				500000000000000000000002 /* Frameworks */,
				500000000000000000000007 /* Resources */,
			);
			buildRules = (
			);
			dependencies = (
				800000000000000000000001 /* PBXTargetDependency */,
			);
			name = VibingSpeechTests;
			productName = VibingSpeechTests;
			productReference = 20000000000000000000000F /* VibingSpeechTests.xctest */;
			productType = "com.apple.product-type.bundle.unit-test";
		};
		400000000000000000000003 /* VibingSpeechUITests */ = {
			isa = PBXNativeTarget;
			buildConfigurationList = 900000000000000000000004 /* Build configuration list for PBXNativeTarget "VibingSpeechUITests" */;
			buildPhases = (
				500000000000000000000008 /* Sources */,
				500000000000000000000003 /* Frameworks */,
				500000000000000000000009 /* Resources */,
			);
			buildRules = (
			);
			dependencies = (
				800000000000000000000002 /* PBXTargetDependency */,
			);
			name = VibingSpeechUITests;
			productName = VibingSpeechUITests;
			productReference = 200000000000000000000010 /* VibingSpeechUITests.xctest */;
			productType = "com.apple.product-type.bundle.ui-testing";
		};
/* End PBXNativeTarget section */

/* Begin PBXProject section */
		700000000000000000000001 /* Project object */ = {
			isa = PBXProject;
			attributes = {
				BuildIndependentTargetsInParallel = 1;
				LastSwiftUpdateCheck = 2650;
				LastUpgradeCheck = 2650;
				TargetAttributes = {
					400000000000000000000001 = {CreatedOnToolsVersion = 26.5; };
					400000000000000000000002 = {CreatedOnToolsVersion = 26.5; TestTargetID = 400000000000000000000001; };
					400000000000000000000003 = {CreatedOnToolsVersion = 26.5; TestTargetID = 400000000000000000000001; };
				};
			};
			buildConfigurationList = 900000000000000000000001 /* Build configuration list for PBXProject "VibingSpeech" */;
			compatibilityVersion = "Xcode 15.0";
			developmentRegion = en;
			hasScannedForEncodings = 0;
			knownRegions = (en, Base);
			mainGroup = 600000000000000000000001;
			packageReferences = (
				A00000000000000000000001 /* XCRemoteSwiftPackageReference "speech-swift" */,
			);
			productRefGroup = 600000000000000000000002 /* Products */;
			projectDirPath = "";
			projectRoot = "";
			targets = (
				400000000000000000000001 /* VibingSpeech */,
				400000000000000000000002 /* VibingSpeechTests */,
				400000000000000000000003 /* VibingSpeechUITests */,
			);
		};
/* End PBXProject section */

/* Begin PBXResourcesBuildPhase section */
		500000000000000000000005 /* Resources */ = {isa = PBXResourcesBuildPhase; buildActionMask = 2147483647; files = (100000000000000000000009 /* Assets.xcassets in Resources */); runOnlyForDeploymentPostprocessing = 0; };
		500000000000000000000007 /* Resources */ = {isa = PBXResourcesBuildPhase; buildActionMask = 2147483647; files = (); runOnlyForDeploymentPostprocessing = 0; };
		500000000000000000000009 /* Resources */ = {isa = PBXResourcesBuildPhase; buildActionMask = 2147483647; files = (); runOnlyForDeploymentPostprocessing = 0; };
/* End PBXResourcesBuildPhase section */

/* Begin PBXSourcesBuildPhase section */
		500000000000000000000004 /* Sources */ = {isa = PBXSourcesBuildPhase; buildActionMask = 2147483647; files = (100000000000000000000001, 100000000000000000000002, 100000000000000000000003, 100000000000000000000004, 100000000000000000000005, 100000000000000000000006, 100000000000000000000007, 100000000000000000000008); runOnlyForDeploymentPostprocessing = 0; };
		500000000000000000000006 /* Sources */ = {isa = PBXSourcesBuildPhase; buildActionMask = 2147483647; files = (10000000000000000000000A, 10000000000000000000000B); runOnlyForDeploymentPostprocessing = 0; };
		500000000000000000000008 /* Sources */ = {isa = PBXSourcesBuildPhase; buildActionMask = 2147483647; files = (10000000000000000000000C); runOnlyForDeploymentPostprocessing = 0; };
/* End PBXSourcesBuildPhase section */

/* Begin PBXTargetDependency section */
		800000000000000000000001 /* PBXTargetDependency */ = {isa = PBXTargetDependency; target = 400000000000000000000001 /* VibingSpeech */; targetProxy = 300000000000000000000001 /* PBXContainerItemProxy */; };
		800000000000000000000002 /* PBXTargetDependency */ = {isa = PBXTargetDependency; target = 400000000000000000000001 /* VibingSpeech */; targetProxy = 300000000000000000000002 /* PBXContainerItemProxy */; };
/* End PBXTargetDependency section */

/* Begin XCBuildConfiguration section */
		900000000000000000000005 /* Debug */ = {
			isa = XCBuildConfiguration;
			buildSettings = {
				ALWAYS_SEARCH_USER_PATHS = NO;
				CLANG_ANALYZER_NONNULL = YES;
				CLANG_ANALYZER_NUMBER_OBJECT_CONVERSION = YES_AGGRESSIVE;
				CLANG_CXX_LANGUAGE_STANDARD = "gnu++20";
				CLANG_ENABLE_MODULES = YES;
				CLANG_ENABLE_OBJC_ARC = YES;
				CLANG_ENABLE_OBJC_WEAK = YES;
				CLANG_WARN_BLOCK_CAPTURE_AUTORELEASING = YES;
				CLANG_WARN_BOOL_CONVERSION = YES;
				CLANG_WARN_COMMA = YES;
				CLANG_WARN_CONSTANT_CONVERSION = YES;
				CLANG_WARN_DEPRECATED_OBJC_IMPLEMENTATIONS = YES;
				CLANG_WARN_DIRECT_OBJC_ISA_USAGE = YES_ERROR;
				CLANG_WARN_DOCUMENTATION_COMMENTS = YES;
				CLANG_WARN_EMPTY_BODY = YES;
				CLANG_WARN_ENUM_CONVERSION = YES;
				CLANG_WARN_INFINITE_RECURSION = YES;
				CLANG_WARN_INT_CONVERSION = YES;
				CLANG_WARN_NON_LITERAL_NULL_CONVERSION = YES;
				CLANG_WARN_OBJC_IMPLICIT_RETAIN_SELF = YES;
				CLANG_WARN_OBJC_LITERAL_CONVERSION = YES;
				CLANG_WARN_OBJC_ROOT_CLASS = YES_ERROR;
				CLANG_WARN_QUOTED_INCLUDE_IN_FRAMEWORK_HEADER = YES;
				CLANG_WARN_RANGE_LOOP_ANALYSIS = YES;
				CLANG_WARN_STRICT_PROTOTYPES = YES;
				CLANG_WARN_SUSPICIOUS_MOVE = YES;
				CLANG_WARN_UNGUARDED_AVAILABILITY = YES_AGGRESSIVE;
				CLANG_WARN_UNREACHABLE_CODE = YES;
				CLANG_WARN__DUPLICATE_METHOD_MATCH = YES;
				COPY_PHASE_STRIP = NO;
				DEBUG_INFORMATION_FORMAT = dwarf;
				ENABLE_STRICT_OBJC_MSGSEND = YES;
				ENABLE_TESTABILITY = YES;
				ENABLE_USER_SCRIPT_SANDBOXING = YES;
				GCC_C_LANGUAGE_STANDARD = gnu17;
				GCC_DYNAMIC_NO_PIC = NO;
				GCC_NO_COMMON_BLOCKS = YES;
				GCC_OPTIMIZATION_LEVEL = 0;
				GCC_PREPROCESSOR_DEFINITIONS = ("DEBUG=1", "$(inherited)");
				GCC_WARN_64_TO_32_BIT_CONVERSION = YES;
				GCC_WARN_ABOUT_RETURN_TYPE = YES_ERROR;
				GCC_WARN_UNDECLARED_SELECTOR = YES;
				GCC_WARN_UNINITIALIZED_AUTOS = YES_AGGRESSIVE;
				GCC_WARN_UNUSED_FUNCTION = YES;
				GCC_WARN_UNUSED_VARIABLE = YES;
				MACOSX_DEPLOYMENT_TARGET = 26.0;
				MTL_ENABLE_DEBUG_INFO = INCLUDE_SOURCE;
				MTL_FAST_MATH = YES;
				ONLY_ACTIVE_ARCH = YES;
				SDKROOT = macosx;
				SWIFT_ACTIVE_COMPILATION_CONDITIONS = DEBUG;
			};
			name = Debug;
		};
		900000000000000000000006 /* Release */ = {
			isa = XCBuildConfiguration;
			buildSettings = {
				ALWAYS_SEARCH_USER_PATHS = NO;
				CLANG_ANALYZER_NONNULL = YES;
				CLANG_ANALYZER_NUMBER_OBJECT_CONVERSION = YES_AGGRESSIVE;
				CLANG_CXX_LANGUAGE_STANDARD = "gnu++20";
				CLANG_ENABLE_MODULES = YES;
				CLANG_ENABLE_OBJC_ARC = YES;
				CLANG_ENABLE_OBJC_WEAK = YES;
				CLANG_WARN_BLOCK_CAPTURE_AUTORELEASING = YES;
				CLANG_WARN_BOOL_CONVERSION = YES;
				CLANG_WARN_COMMA = YES;
				CLANG_WARN_CONSTANT_CONVERSION = YES;
				CLANG_WARN_DEPRECATED_OBJC_IMPLEMENTATIONS = YES;
				CLANG_WARN_DIRECT_OBJC_ISA_USAGE = YES_ERROR;
				CLANG_WARN_DOCUMENTATION_COMMENTS = YES;
				CLANG_WARN_EMPTY_BODY = YES;
				CLANG_WARN_ENUM_CONVERSION = YES;
				CLANG_WARN_INFINITE_RECURSION = YES;
				CLANG_WARN_INT_CONVERSION = YES;
				CLANG_WARN_NON_LITERAL_NULL_CONVERSION = YES;
				CLANG_WARN_OBJC_IMPLICIT_RETAIN_SELF = YES;
				CLANG_WARN_OBJC_LITERAL_CONVERSION = YES;
				CLANG_WARN_OBJC_ROOT_CLASS = YES_ERROR;
				CLANG_WARN_QUOTED_INCLUDE_IN_FRAMEWORK_HEADER = YES;
				CLANG_WARN_RANGE_LOOP_ANALYSIS = YES;
				CLANG_WARN_STRICT_PROTOTYPES = YES;
				CLANG_WARN_SUSPICIOUS_MOVE = YES;
				CLANG_WARN_UNGUARDED_AVAILABILITY = YES_AGGRESSIVE;
				CLANG_WARN_UNREACHABLE_CODE = YES;
				CLANG_WARN__DUPLICATE_METHOD_MATCH = YES;
				COPY_PHASE_STRIP = NO;
				DEBUG_INFORMATION_FORMAT = "dwarf-with-dsym";
				ENABLE_HARDENED_RUNTIME = YES;
				ENABLE_NS_ASSERTIONS = NO;
				ENABLE_STRICT_OBJC_MSGSEND = YES;
				ENABLE_USER_SCRIPT_SANDBOXING = YES;
				GCC_C_LANGUAGE_STANDARD = gnu17;
				GCC_NO_COMMON_BLOCKS = YES;
				GCC_WARN_64_TO_32_BIT_CONVERSION = YES;
				GCC_WARN_ABOUT_RETURN_TYPE = YES_ERROR;
				GCC_WARN_UNDECLARED_SELECTOR = YES;
				GCC_WARN_UNINITIALIZED_AUTOS = YES_AGGRESSIVE;
				GCC_WARN_UNUSED_FUNCTION = YES;
				GCC_WARN_UNUSED_VARIABLE = YES;
				MACOSX_DEPLOYMENT_TARGET = 26.0;
				MTL_ENABLE_DEBUG_INFO = NO;
				MTL_FAST_MATH = YES;
				SDKROOT = macosx;
				SWIFT_COMPILATION_MODE = wholemodule;
			};
			name = Release;
		};
		900000000000000000000007 /* Debug */ = {
			isa = XCBuildConfiguration;
			buildSettings = {
				ARCHS = arm64;
				ASSETCATALOG_COMPILER_APPICON_NAME = AppIcon;
				CODE_SIGN_IDENTITY = "-";
				CODE_SIGN_STYLE = Manual;
				COMBINE_HIDPI_IMAGES = YES;
				CURRENT_PROJECT_VERSION = 1;
				DEVELOPMENT_TEAM = "";
				ENABLE_APP_SANDBOX = NO;
				ENABLE_HARDENED_RUNTIME = YES;
				ENABLE_APP_INTENTS_METADATA_GENERATION = NO;
				GENERATE_INFOPLIST_FILE = NO;
				INFOPLIST_FILE = VibingSpeech/Resources/Info.plist;
				LD_RUNPATH_SEARCH_PATHS = ("$(inherited)", "@executable_path/../Frameworks");
				MARKETING_VERSION = 1.0;
				PRODUCT_BUNDLE_IDENTIFIER = com.shuichi.VibingSpeech;
				PRODUCT_NAME = "$(TARGET_NAME)";
				SUPPORTED_PLATFORMS = macosx;
				SWIFT_EMIT_LOC_STRINGS = YES;
				SWIFT_STRICT_CONCURRENCY = complete;
				SWIFT_VERSION = 6.0;
			};
			name = Debug;
		};
		900000000000000000000008 /* Release */ = {
			isa = XCBuildConfiguration;
			buildSettings = {
				ARCHS = arm64;
				ASSETCATALOG_COMPILER_APPICON_NAME = AppIcon;
				CODE_SIGN_IDENTITY = "-";
				CODE_SIGN_STYLE = Manual;
				COMBINE_HIDPI_IMAGES = YES;
				CURRENT_PROJECT_VERSION = 1;
				DEVELOPMENT_TEAM = "";
				ENABLE_APP_SANDBOX = NO;
				ENABLE_HARDENED_RUNTIME = YES;
				ENABLE_APP_INTENTS_METADATA_GENERATION = NO;
				GENERATE_INFOPLIST_FILE = NO;
				INFOPLIST_FILE = VibingSpeech/Resources/Info.plist;
				LD_RUNPATH_SEARCH_PATHS = ("$(inherited)", "@executable_path/../Frameworks");
				MARKETING_VERSION = 1.0;
				PRODUCT_BUNDLE_IDENTIFIER = com.shuichi.VibingSpeech;
				PRODUCT_NAME = "$(TARGET_NAME)";
				SUPPORTED_PLATFORMS = macosx;
				SWIFT_EMIT_LOC_STRINGS = YES;
				SWIFT_STRICT_CONCURRENCY = complete;
				SWIFT_VERSION = 6.0;
			};
			name = Release;
		};
		900000000000000000000009 /* Debug */ = {
			isa = XCBuildConfiguration;
			buildSettings = {
				BUNDLE_LOADER = "$(TEST_HOST)";
				CODE_SIGN_STYLE = Automatic;
				CURRENT_PROJECT_VERSION = 1;
				ENABLE_APP_INTENTS_METADATA_GENERATION = NO;
				GENERATE_INFOPLIST_FILE = YES;
				LD_RUNPATH_SEARCH_PATHS = ("$(inherited)", "@executable_path/../Frameworks", "@loader_path/../Frameworks");
				MACOSX_DEPLOYMENT_TARGET = 26.0;
				MARKETING_VERSION = 1.0;
				PRODUCT_BUNDLE_IDENTIFIER = com.shuichi.VibingSpeechTests;
				PRODUCT_NAME = "$(TARGET_NAME)";
				SWIFT_STRICT_CONCURRENCY = complete;
				SWIFT_VERSION = 6.0;
				TEST_HOST = "$(BUILT_PRODUCTS_DIR)/VibingSpeech.app/Contents/MacOS/VibingSpeech";
			};
			name = Debug;
		};
		90000000000000000000000A /* Release */ = {
			isa = XCBuildConfiguration;
			buildSettings = {
				BUNDLE_LOADER = "$(TEST_HOST)";
				CODE_SIGN_STYLE = Automatic;
				CURRENT_PROJECT_VERSION = 1;
				ENABLE_APP_INTENTS_METADATA_GENERATION = NO;
				GENERATE_INFOPLIST_FILE = YES;
				LD_RUNPATH_SEARCH_PATHS = ("$(inherited)", "@executable_path/../Frameworks", "@loader_path/../Frameworks");
				MACOSX_DEPLOYMENT_TARGET = 26.0;
				MARKETING_VERSION = 1.0;
				PRODUCT_BUNDLE_IDENTIFIER = com.shuichi.VibingSpeechTests;
				PRODUCT_NAME = "$(TARGET_NAME)";
				SWIFT_STRICT_CONCURRENCY = complete;
				SWIFT_VERSION = 6.0;
				TEST_HOST = "$(BUILT_PRODUCTS_DIR)/VibingSpeech.app/Contents/MacOS/VibingSpeech";
			};
			name = Release;
		};
		90000000000000000000000B /* Debug */ = {
			isa = XCBuildConfiguration;
			buildSettings = {
				CODE_SIGN_STYLE = Automatic;
				CURRENT_PROJECT_VERSION = 1;
				ENABLE_APP_INTENTS_METADATA_GENERATION = NO;
				GENERATE_INFOPLIST_FILE = YES;
				LD_RUNPATH_SEARCH_PATHS = ("$(inherited)", "@executable_path/../Frameworks", "@loader_path/../Frameworks");
				MACOSX_DEPLOYMENT_TARGET = 26.0;
				MARKETING_VERSION = 1.0;
				PRODUCT_BUNDLE_IDENTIFIER = com.shuichi.VibingSpeechUITests;
				PRODUCT_NAME = "$(TARGET_NAME)";
				SWIFT_STRICT_CONCURRENCY = complete;
				SWIFT_VERSION = 6.0;
				TEST_TARGET_NAME = VibingSpeech;
			};
			name = Debug;
		};
		90000000000000000000000C /* Release */ = {
			isa = XCBuildConfiguration;
			buildSettings = {
				CODE_SIGN_STYLE = Automatic;
				CURRENT_PROJECT_VERSION = 1;
				ENABLE_APP_INTENTS_METADATA_GENERATION = NO;
				GENERATE_INFOPLIST_FILE = YES;
				LD_RUNPATH_SEARCH_PATHS = ("$(inherited)", "@executable_path/../Frameworks", "@loader_path/../Frameworks");
				MACOSX_DEPLOYMENT_TARGET = 26.0;
				MARKETING_VERSION = 1.0;
				PRODUCT_BUNDLE_IDENTIFIER = com.shuichi.VibingSpeechUITests;
				PRODUCT_NAME = "$(TARGET_NAME)";
				SWIFT_STRICT_CONCURRENCY = complete;
				SWIFT_VERSION = 6.0;
				TEST_TARGET_NAME = VibingSpeech;
			};
			name = Release;
		};
/* End XCBuildConfiguration section */

/* Begin XCConfigurationList section */
		900000000000000000000001 /* Build configuration list for PBXProject "VibingSpeech" */ = {isa = XCConfigurationList; buildConfigurations = (900000000000000000000005, 900000000000000000000006); defaultConfigurationIsVisible = 0; defaultConfigurationName = Release; };
		900000000000000000000002 /* Build configuration list for PBXNativeTarget "VibingSpeech" */ = {isa = XCConfigurationList; buildConfigurations = (900000000000000000000007, 900000000000000000000008); defaultConfigurationIsVisible = 0; defaultConfigurationName = Release; };
		900000000000000000000003 /* Build configuration list for PBXNativeTarget "VibingSpeechTests" */ = {isa = XCConfigurationList; buildConfigurations = (900000000000000000000009, 90000000000000000000000A); defaultConfigurationIsVisible = 0; defaultConfigurationName = Release; };
		900000000000000000000004 /* Build configuration list for PBXNativeTarget "VibingSpeechUITests" */ = {isa = XCConfigurationList; buildConfigurations = (90000000000000000000000B, 90000000000000000000000C); defaultConfigurationIsVisible = 0; defaultConfigurationName = Release; };
/* End XCConfigurationList section */

/* Begin XCRemoteSwiftPackageReference section */
		A00000000000000000000001 /* XCRemoteSwiftPackageReference "speech-swift" */ = {
			isa = XCRemoteSwiftPackageReference;
			repositoryURL = "https://github.com/soniqo/speech-swift.git";
			requirement = {
				kind = exactVersion;
				version = 0.0.15;
			};
		};
/* End XCRemoteSwiftPackageReference section */

/* Begin XCSwiftPackageProductDependency section */
		A00000000000000000000002 /* Qwen3ASR */ = {
			isa = XCSwiftPackageProductDependency;
			package = A00000000000000000000001 /* XCRemoteSwiftPackageReference "speech-swift" */;
			productName = Qwen3ASR;
		};
		A00000000000000000000003 /* AudioCommon */ = {
			isa = XCSwiftPackageProductDependency;
			package = A00000000000000000000001 /* XCRemoteSwiftPackageReference "speech-swift" */;
			productName = AudioCommon;
		};
		A00000000000000000000004 /* Qwen3Chat */ = {
			isa = XCSwiftPackageProductDependency;
			package = A00000000000000000000001 /* XCRemoteSwiftPackageReference "speech-swift" */;
			productName = Qwen3Chat;
		};
/* End XCSwiftPackageProductDependency section */
	};
	rootObject = 700000000000000000000001 /* Project object */;
}
